
Microsoft Visual Studio Solution File, Format Version 12.00
# Visual Studio Version 16
VisualStudioVersion = 16.0.31105.61
MinimumVisualStudioVersion = 10.0.40219.1
Project("{8BC9CEB8-8B4A-11D0-8D11-00A0C91BC942}") = "SAOD_Lab_1", "SAOD_Lab_1\SAOD_Lab_1.vcxproj", "{A6E172BE-FC95-4840-8845-18C974B6F001}"
EndProject
Global
	GlobalSection(SolutionConfigurationPlatforms) = preSolution
		Debug|x64 = Debug|x64
		Debug|x86 = Debug|x86
		Release|x64 = Release|x64
		Release|x86 = Release|x86
	EndGlobalSection
	GlobalSection(ProjectConfigurationPlatforms) = postSolution
		{A6E172BE-FC95-4840-8845-18C974B6F001}.Debug|x64.ActiveCfg = Debug|x64
		{A6E172BE-FC95-4840-8845-18C974B6F001}.Debug|x64.Build.0 = Debug|x64
		{A6E172BE-FC95-4840-8845-18C974B6F001}.Debug|x86.ActiveCfg = Debug|Win32
		{A6E172BE-FC95-4840-8845-18C974B6F001}.Debug|x86.Build.0 = Debug|Win32
		{A6E172BE-FC95-4840-8845-18C974B6F001}.Release|x64.ActiveCfg = Release|x64
		{A6E172BE-FC95-4840-8845-18C974B6F001}.Release|x64.Build.0 = Release|x64
		{A6E172BE-FC95-4840-8845-18C974B6F001}.Release|x86.ActiveCfg = Release|Win32
		{A6E172BE-FC95-4840-8845-18C974B6F001}.Release|x86.Build.0 = Release|Win32
	EndGlobalSection
	GlobalSection(SolutionProperties) = preSolution
		HideSolutionNode = FALSE
	EndGlobalSection
	GlobalSection(ExtensibilityGlobals) = postSolution
		SolutionGuid = {3590774C-A687-4197-890F-0AFD62ECF193}
	EndGlobalSection
EndGlobal
